
Microsoft Visual Studio Solution File, Format Version 12.00
# Visual Studio 15
VisualStudioVersion = 15.0.27428.2037
MinimumVisualStudioVersion = 10.0.40219.1
Project("{FAE04EC0-301F-11D3-BF4B-00C04F79EFBC}") = "calculas", "calculas\calculas.csproj", "{38CB8994-8368-4955-88F9-82A0E1B196B2}"
EndProject
Global
	GlobalSection(SolutionConfigurationPlatforms) = preSolution
		Debug|Any CPU = Debug|Any CPU
		Release|Any CPU = Release|Any CPU
	EndGlobalSection
	GlobalSection(ProjectConfigurationPlatforms) = postSolution
		{38CB8994-8368-4955-88F9-82A0E1B196B2}.Debug|Any CPU.ActiveCfg = Debug|Any CPU
		{38CB8994-8368-4955-88F9-82A0E1B196B2}.Debug|Any CPU.Build.0 = Debug|Any CPU
		{38CB8994-8368-4955-88F9-82A0E1B196B2}.Release|Any CPU.ActiveCfg = Release|Any CPU
		{38CB8994-8368-4955-88F9-82A0E1B196B2}.Release|Any CPU.Build.0 = Release|Any CPU
	EndGlobalSection
	GlobalSection(SolutionProperties) = preSolution
		HideSolutionNode = FALSE
	EndGlobalSection
	GlobalSection(ExtensibilityGlobals) = postSolution
		SolutionGuid = {B00DBD92-5564-41D3-98C9-95E4C880F65F}
	EndGlobalSection
EndGlobal
